
Microsoft Visual Studio Solution File, Format Version 12.00
# Visual Studio Version 16
VisualStudioVersion = 16.0.31911.196
MinimumVisualStudioVersion = 10.0.40219.1
Project("{FAE04EC0-301F-11D3-BF4B-00C04F79EFBC}") = "REST-API_Calculadora_ASP.NET", "REST-API_Calculadora_ASP.NET\REST-API_Calculadora_ASP.NET.csproj", "{CAC28812-1C48-4701-9533-DB377B7E32BA}"
EndProject
Global
	GlobalSection(SolutionConfigurationPlatforms) = preSolution
		Debug|Any CPU = Debug|Any CPU
		Release|Any CPU = Release|Any CPU
	EndGlobalSection
	GlobalSection(ProjectConfigurationPlatforms) = postSolution
		{CAC28812-1C48-4701-9533-DB377B7E32BA}.Debug|Any CPU.ActiveCfg = Debug|Any CPU
		{CAC28812-1C48-4701-9533-DB377B7E32BA}.Debug|Any CPU.Build.0 = Debug|Any CPU
		{CAC28812-1C48-4701-9533-DB377B7E32BA}.Release|Any CPU.ActiveCfg = Release|Any CPU
		{CAC28812-1C48-4701-9533-DB377B7E32BA}.Release|Any CPU.Build.0 = Release|Any CPU
	EndGlobalSection
	GlobalSection(SolutionProperties) = preSolution
		HideSolutionNode = FALSE
	EndGlobalSection
	GlobalSection(ExtensibilityGlobals) = postSolution
		SolutionGuid = {F2C4A73C-6484-42FD-93F2-9C8FCBD7A0F4}
	EndGlobalSection
EndGlobal
